
Microsoft Visual Studio Solution File, Format Version 12.00
# Visual Studio 15
VisualStudioVersion = 15.0.26009.0
MinimumVisualStudioVersion = 10.0.40219.1
Project("{FAE04EC0-301F-11D3-BF4B-00C04F79EFBC}") = "DiscoverWorld.Droid", "DiscoverWorld.Droid\DiscoverWorld.Droid.csproj", "{8892B064-C7F7-438C-AC79-33F59A162ECF}"
EndProject
Project("{FAE04EC0-301F-11D3-BF4B-00C04F79EFBC}") = "DiscoverWorld", "DiscoverWorld\DiscoverWorld.csproj", "{B376A863-5967-4749-BB92-2668885D94F3}"
EndProject
Project("{FAE04EC0-301F-11D3-BF4B-00C04F79EFBC}") = "DiscoverWorld.iOS", "DiscoverWorld.iOS\DiscoverWorld.iOS.csproj", "{DAE703C8-52D2-4E8D-AC33-6A0F79BB1761}"
EndProject
Project("{FAE04EC0-301F-11D3-BF4B-00C04F79EFBC}") = "DiscoverWorld.UWP", "DiscoverWorld.UWP\DiscoverWorld.UWP.csproj", "{C3E1489F-FF1E-4749-8DC5-61E0A8761662}"
EndProject
Global
	GlobalSection(SolutionConfigurationPlatforms) = preSolution
		Ad-Hoc|Any CPU = Ad-Hoc|Any CPU
		Ad-Hoc|ARM = Ad-Hoc|ARM
		Ad-Hoc|iPhone = Ad-Hoc|iPhone
		Ad-Hoc|iPhoneSimulator = Ad-Hoc|iPhoneSimulator
		Ad-Hoc|x64 = Ad-Hoc|x64
		Ad-Hoc|x86 = Ad-Hoc|x86
		AppStore|Any CPU = AppStore|Any CPU
		AppStore|ARM = AppStore|ARM
		AppStore|iPhone = AppStore|iPhone
		AppStore|iPhoneSimulator = AppStore|iPhoneSimulator
		AppStore|x64 = AppStore|x64
		AppStore|x86 = AppStore|x86
		Debug|Any CPU = Debug|Any CPU
		Debug|ARM = Debug|ARM
		Debug|iPhone = Debug|iPhone
		Debug|iPhoneSimulator = Debug|iPhoneSimulator
		Debug|x64 = Debug|x64
		Debug|x86 = Debug|x86
		Release|Any CPU = Release|Any CPU
		Release|ARM = Release|ARM
		Release|iPhone = Release|iPhone
		Release|iPhoneSimulator = Release|iPhoneSimulator
		Release|x64 = Release|x64
		Release|x86 = Release|x86
	EndGlobalSection
	GlobalSection(ProjectConfigurationPlatforms) = postSolution
		{8892B064-C7F7-438C-AC79-33F59A162ECF}.Ad-Hoc|Any CPU.ActiveCfg = Release|Any CPU
		{8892B064-C7F7-438C-AC79-33F59A162ECF}.Ad-Hoc|Any CPU.Build.0 = Release|Any CPU
		{8892B064-C7F7-438C-AC79-33F59A162ECF}.Ad-Hoc|Any CPU.Deploy.0 = Release|Any CPU
		{8892B064-C7F7-438C-AC79-33F59A162ECF}.Ad-Hoc|ARM.ActiveCfg = Release|Any CPU
		{8892B064-C7F7-438C-AC79-33F59A162ECF}.Ad-Hoc|ARM.Build.0 = Release|Any CPU
		{8892B064-C7F7-438C-AC79-33F59A162ECF}.Ad-Hoc|ARM.Deploy.0 = Release|Any CPU
		{8892B064-C7F7-438C-AC79-33F59A162ECF}.Ad-Hoc|iPhone.ActiveCfg = Release|Any CPU
		{8892B064-C7F7-438C-AC79-33F59A162ECF}.Ad-Hoc|iPhone.Build.0 = Release|Any CPU
		{8892B064-C7F7-438C-AC79-33F59A162ECF}.Ad-Hoc|iPhone.Deploy.0 = Release|Any CPU
		{8892B064-C7F7-438C-AC79-33F59A162ECF}.Ad-Hoc|iPhoneSimulator.ActiveCfg = Release|Any CPU
		{8892B064-C7F7-438C-AC79-33F59A162ECF}.Ad-Hoc|iPhoneSimulator.Build.0 = Release|Any CPU
		{8892B064-C7F7-438C-AC79-33F59A162ECF}.Ad-Hoc|iPhoneSimulator.Deploy.0 = Release|Any CPU
		{8892B064-C7F7-438C-AC79-33F59A162ECF}.Ad-Hoc|x64.ActiveCfg = Release|Any CPU
		{8892B064-C7F7-438C-AC79-33F59A162ECF}.Ad-Hoc|x64.Build.0 = Release|Any CPU
		{8892B064-C7F7-438C-AC79-33F59A162ECF}.Ad-Hoc|x64.Deploy.0 = Release|Any CPU
		{8892B064-C7F7-438C-AC79-33F59A162ECF}.Ad-Hoc|x86.ActiveCfg = Release|Any CPU
		{8892B064-C7F7-438C-AC79-33F59A162ECF}.Ad-Hoc|x86.Build.0 = Release|Any CPU
		{8892B064-C7F7-438C-AC79-33F59A162ECF}.Ad-Hoc|x86.Deploy.0 = Release|Any CPU
		{8892B064-C7F7-438C-AC79-33F59A162ECF}.AppStore|Any CPU.ActiveCfg = Release|Any CPU
		{8892B064-C7F7-438C-AC79-33F59A162ECF}.AppStore|Any CPU.Build.0 = Release|Any CPU
		{8892B064-C7F7-438C-AC79-33F59A162ECF}.AppStore|Any CPU.Deploy.0 = Release|Any CPU
		{8892B064-C7F7-438C-AC79-33F59A162ECF}.AppStore|ARM.ActiveCfg = Release|Any CPU
		{8892B064-C7F7-438C-AC79-33F59A162ECF}.AppStore|ARM.Build.0 = Release|Any CPU
		{8892B064-C7F7-438C-AC79-33F59A162ECF}.AppStore|ARM.Deploy.0 = Release|Any CPU
		{8892B064-C7F7-438C-AC79-33F59A162ECF}.AppStore|iPhone.ActiveCfg = Release|Any CPU
		{8892B064-C7F7-438C-AC79-33F59A162ECF}.AppStore|iPhone.Build.0 = Release|Any CPU
		{8892B064-C7F7-438C-AC79-33F59A162ECF}.AppStore|iPhone.Deploy.0 = Release|Any CPU
		{8892B064-C7F7-438C-AC79-33F59A162ECF}.AppStore|iPhoneSimulator.ActiveCfg = Release|Any CPU
		{8892B064-C7F7-438C-AC79-33F59A162ECF}.AppStore|iPhoneSimulator.Build.0 = Release|Any CPU
		{8892B064-C7F7-438C-AC79-33F59A162ECF}.AppStore|iPhoneSimulator.Deploy.0 = Release|Any CPU
		{8892B064-C7F7-438C-AC79-33F59A162ECF}.AppStore|x64.ActiveCfg = Release|Any CPU
		{8892B064-C7F7-438C-AC79-33F59A162ECF}.AppStore|x64.Build.0 = Release|Any CPU
		{8892B064-C7F7-438C-AC79-33F59A162ECF}.AppStore|x64.Deploy.0 = Release|Any CPU
		{8892B064-C7F7-438C-AC79-33F59A162ECF}.AppStore|x86.ActiveCfg = Release|Any CPU
		{8892B064-C7F7-438C-AC79-33F59A162ECF}.AppStore|x86.Build.0 = Release|Any CPU
		{8892B064-C7F7-438C-AC79-33F59A162ECF}.AppStore|x86.Deploy.0 = Release|Any CPU
		{8892B064-C7F7-438C-AC79-33F59A162ECF}.Debug|Any CPU.ActiveCfg = Debug|Any CPU
		{8892B064-C7F7-438C-AC79-33F59A162ECF}.Debug|Any CPU.Build.0 = Debug|Any CPU
		{8892B064-C7F7-438C-AC79-33F59A162ECF}.Debug|Any CPU.Deploy.0 = Debug|Any CPU
		{8892B064-C7F7-438C-AC79-33F59A162ECF}.Debug|ARM.ActiveCfg = Debug|Any CPU
		{8892B064-C7F7-438C-AC79-33F59A162ECF}.Debug|ARM.Build.0 = Debug|Any CPU
		{8892B064-C7F7-438C-AC79-33F59A162ECF}.Debug|ARM.Deploy.0 = Debug|Any CPU
		{8892B064-C7F7-438C-AC79-33F59A162ECF}.Debug|iPhone.ActiveCfg = Debug|Any CPU
		{8892B064-C7F7-438C-AC79-33F59A162ECF}.Debug|iPhone.Build.0 = Debug|Any CPU
		{8892B064-C7F7-438C-AC79-33F59A162ECF}.Debug|iPhone.Deploy.0 = Debug|Any CPU
		{8892B064-C7F7-438C-AC79-33F59A162ECF}.Debug|iPhoneSimulator.ActiveCfg = Debug|Any CPU
		{8892B064-C7F7-438C-AC79-33F59A162ECF}.Debug|iPhoneSimulator.Build.0 = Debug|Any CPU
		{8892B064-C7F7-438C-AC79-33F59A162ECF}.Debug|iPhoneSimulator.Deploy.0 = Debug|Any CPU
		{8892B064-C7F7-438C-AC79-33F59A162ECF}.Debug|x64.ActiveCfg = Debug|Any CPU
		{8892B064-C7F7-438C-AC79-33F59A162ECF}.Debug|x64.Build.0 = Debug|Any CPU
		{8892B064-C7F7-438C-AC79-33F59A162ECF}.Debug|x64.Deploy.0 = Debug|Any CPU
		{8892B064-C7F7-438C-AC79-33F59A162ECF}.Debug|x86.ActiveCfg = Debug|Any CPU
		{8892B064-C7F7-438C-AC79-33F59A162ECF}.Debug|x86.Build.0 = Debug|Any CPU
		{8892B064-C7F7-438C-AC79-33F59A162ECF}.Debug|x86.Deploy.0 = Debug|Any CPU
		{8892B064-C7F7-438C-AC79-33F59A162ECF}.Release|Any CPU.ActiveCfg = Release|Any CPU
		{8892B064-C7F7-438C-AC79-33F59A162ECF}.Release|Any CPU.Build.0 = Release|Any CPU
		{8892B064-C7F7-438C-AC79-33F59A162ECF}.Release|Any CPU.Deploy.0 = Release|Any CPU
		{8892B064-C7F7-438C-AC79-33F59A162ECF}.Release|ARM.ActiveCfg = Release|Any CPU
		{8892B064-C7F7-438C-AC79-33F59A162ECF}.Release|ARM.Build.0 = Release|Any CPU
		{8892B064-C7F7-438C-AC79-33F59A162ECF}.Release|ARM.Deploy.0 = Release|Any CPU
		{8892B064-C7F7-438C-AC79-33F59A162ECF}.Release|iPhone.ActiveCfg = Release|Any CPU
		{8892B064-C7F7-438C-AC79-33F59A162ECF}.Release|iPhone.Build.0 = Release|Any CPU
		{8892B064-C7F7-438C-AC79-33F59A162ECF}.Release|iPhone.Deploy.0 = Release|Any CPU
		{8892B064-C7F7-438C-AC79-33F59A162ECF}.Release|iPhoneSimulator.ActiveCfg = Release|Any CPU
		{8892B064-C7F7-438C-AC79-33F59A162ECF}.Release|iPhoneSimulator.Build.0 = Release|Any CPU
		{8892B064-C7F7-438C-AC79-33F59A162ECF}.Release|iPhoneSimulator.Deploy.0 = Release|Any CPU
		{8892B064-C7F7-438C-AC79-33F59A162ECF}.Release|x64.ActiveCfg = Release|Any CPU
		{8892B064-C7F7-438C-AC79-33F59A162ECF}.Release|x64.Build.0 = Release|Any CPU
		{8892B064-C7F7-438C-AC79-33F59A162ECF}.Release|x64.Deploy.0 = Release|Any CPU
		{8892B064-C7F7-438C-AC79-33F59A162ECF}.Release|x86.ActiveCfg = Release|Any CPU
		{8892B064-C7F7-438C-AC79-33F59A162ECF}.Release|x86.Build.0 = Release|Any CPU
		{8892B064-C7F7-438C-AC79-33F59A162ECF}.Release|x86.Deploy.0 = Release|Any CPU
		{B376A863-5967-4749-BB92-2668885D94F3}.Ad-Hoc|Any CPU.ActiveCfg = Release|Any CPU
		{B376A863-5967-4749-BB92-2668885D94F3}.Ad-Hoc|Any CPU.Build.0 = Release|Any CPU
		{B376A863-5967-4749-BB92-2668885D94F3}.Ad-Hoc|ARM.ActiveCfg = Release|Any CPU
		{B376A863-5967-4749-BB92-2668885D94F3}.Ad-Hoc|ARM.Build.0 = Release|Any CPU
		{B376A863-5967-4749-BB92-2668885D94F3}.Ad-Hoc|iPhone.ActiveCfg = Release|Any CPU
		{B376A863-5967-4749-BB92-2668885D94F3}.Ad-Hoc|iPhone.Build.0 = Release|Any CPU
		{B376A863-5967-4749-BB92-2668885D94F3}.Ad-Hoc|iPhoneSimulator.ActiveCfg = Release|Any CPU
		{B376A863-5967-4749-BB92-2668885D94F3}.Ad-Hoc|iPhoneSimulator.Build.0 = Release|Any CPU
		{B376A863-5967-4749-BB92-2668885D94F3}.Ad-Hoc|x64.ActiveCfg = Release|Any CPU
		{B376A863-5967-4749-BB92-2668885D94F3}.Ad-Hoc|x64.Build.0 = Release|Any CPU
		{B376A863-5967-4749-BB92-2668885D94F3}.Ad-Hoc|x86.ActiveCfg = Release|Any CPU
		{B376A863-5967-4749-BB92-2668885D94F3}.Ad-Hoc|x86.Build.0 = Release|Any CPU
		{B376A863-5967-4749-BB92-2668885D94F3}.AppStore|Any CPU.ActiveCfg = Release|Any CPU
		{B376A863-5967-4749-BB92-2668885D94F3}.AppStore|Any CPU.Build.0 = Release|Any CPU
		{B376A863-5967-4749-BB92-2668885D94F3}.AppStore|ARM.ActiveCfg = Release|Any CPU
		{B376A863-5967-4749-BB92-2668885D94F3}.AppStore|ARM.Build.0 = Release|Any CPU
		{B376A863-5967-4749-BB92-2668885D94F3}.AppStore|iPhone.ActiveCfg = Release|Any CPU
		{B376A863-5967-4749-BB92-2668885D94F3}.AppStore|iPhone.Build.0 = Release|Any CPU
		{B376A863-5967-4749-BB92-2668885D94F3}.AppStore|iPhoneSimulator.ActiveCfg = Release|Any CPU
		{B376A863-5967-4749-BB92-2668885D94F3}.AppStore|iPhoneSimulator.Build.0 = Release|Any CPU
		{B376A863-5967-4749-BB92-2668885D94F3}.AppStore|x64.ActiveCfg = Release|Any CPU
		{B376A863-5967-4749-BB92-2668885D94F3}.AppStore|x64.Build.0 = Release|Any CPU
		{B376A863-5967-4749-BB92-2668885D94F3}.AppStore|x86.ActiveCfg = Release|Any CPU
		{B376A863-5967-4749-BB92-2668885D94F3}.AppStore|x86.Build.0 = Release|Any CPU
		{B376A863-5967-4749-BB92-2668885D94F3}.Debug|Any CPU.ActiveCfg = Debug|Any CPU
		{B376A863-5967-4749-BB92-2668885D94F3}.Debug|Any CPU.Build.0 = Debug|Any CPU
		{B376A863-5967-4749-BB92-2668885D94F3}.Debug|ARM.ActiveCfg = Debug|Any CPU
		{B376A863-5967-4749-BB92-2668885D94F3}.Debug|ARM.Build.0 = Debug|Any CPU
		{B376A863-5967-4749-BB92-2668885D94F3}.Debug|iPhone.ActiveCfg = Debug|Any CPU
		{B376A863-5967-4749-BB92-2668885D94F3}.Debug|iPhone.Build.0 = Debug|Any CPU
		{B376A863-5967-4749-BB92-2668885D94F3}.Debug|iPhoneSimulator.ActiveCfg = Debug|Any CPU
		{B376A863-5967-4749-BB92-2668885D94F3}.Debug|iPhoneSimulator.Build.0 = Debug|Any CPU
		{B376A863-5967-4749-BB92-2668885D94F3}.Debug|x64.ActiveCfg = Debug|Any CPU
		{B376A863-5967-4749-BB92-2668885D94F3}.Debug|x64.Build.0 = Debug|Any CPU
		{B376A863-5967-4749-BB92-2668885D94F3}.Debug|x86.ActiveCfg = Debug|Any CPU
		{B376A863-5967-4749-BB92-2668885D94F3}.Debug|x86.Build.0 = Debug|Any CPU
		{B376A863-5967-4749-BB92-2668885D94F3}.Release|Any CPU.ActiveCfg = Release|Any CPU
		{B376A863-5967-4749-BB92-2668885D94F3}.Release|Any CPU.Build.0 = Release|Any CPU
		{B376A863-5967-4749-BB92-2668885D94F3}.Release|ARM.ActiveCfg = Release|Any CPU
		{B376A863-5967-4749-BB92-2668885D94F3}.Release|ARM.Build.0 = Release|Any CPU
		{B376A863-5967-4749-BB92-2668885D94F3}.Release|iPhone.ActiveCfg = Release|Any CPU
		{B376A863-5967-4749-BB92-2668885D94F3}.Release|iPhone.Build.0 = Release|Any CPU
		{B376A863-5967-4749-BB92-2668885D94F3}.Release|iPhoneSimulator.ActiveCfg = Release|Any CPU
		{B376A863-5967-4749-BB92-2668885D94F3}.Release|iPhoneSimulator.Build.0 = Release|Any CPU
		{B376A863-5967-4749-BB92-2668885D94F3}.Release|x64.ActiveCfg = Release|Any CPU
		{B376A863-5967-4749-BB92-2668885D94F3}.Release|x64.Build.0 = Release|Any CPU
		{B376A863-5967-4749-BB92-2668885D94F3}.Release|x86.ActiveCfg = Release|Any CPU
		{B376A863-5967-4749-BB92-2668885D94F3}.Release|x86.Build.0 = Release|Any CPU
		{DAE703C8-52D2-4E8D-AC33-6A0F79BB1761}.Ad-Hoc|Any CPU.ActiveCfg = Ad-Hoc|iPhone
		{DAE703C8-52D2-4E8D-AC33-6A0F79BB1761}.Ad-Hoc|ARM.ActiveCfg = Ad-Hoc|iPhone
		{DAE703C8-52D2-4E8D-AC33-6A0F79BB1761}.Ad-Hoc|iPhone.ActiveCfg = Ad-Hoc|iPhone
		{DAE703C8-52D2-4E8D-AC33-6A0F79BB1761}.Ad-Hoc|iPhone.Build.0 = Ad-Hoc|iPhone
		{DAE703C8-52D2-4E8D-AC33-6A0F79BB1761}.Ad-Hoc|iPhoneSimulator.ActiveCfg = Ad-Hoc|iPhoneSimulator
		{DAE703C8-52D2-4E8D-AC33-6A0F79BB1761}.Ad-Hoc|iPhoneSimulator.Build.0 = Ad-Hoc|iPhoneSimulator
		{DAE703C8-52D2-4E8D-AC33-6A0F79BB1761}.Ad-Hoc|x64.ActiveCfg = Ad-Hoc|iPhone
		{DAE703C8-52D2-4E8D-AC33-6A0F79BB1761}.Ad-Hoc|x86.ActiveCfg = Ad-Hoc|iPhone
		{DAE703C8-52D2-4E8D-AC33-6A0F79BB1761}.AppStore|Any CPU.ActiveCfg = AppStore|iPhone
		{DAE703C8-52D2-4E8D-AC33-6A0F79BB1761}.AppStore|ARM.ActiveCfg = AppStore|iPhone
		{DAE703C8-52D2-4E8D-AC33-6A0F79BB1761}.AppStore|iPhone.ActiveCfg = AppStore|iPhone
		{DAE703C8-52D2-4E8D-AC33-6A0F79BB1761}.AppStore|iPhone.Build.0 = AppStore|iPhone
		{DAE703C8-52D2-4E8D-AC33-6A0F79BB1761}.AppStore|iPhoneSimulator.ActiveCfg = AppStore|iPhoneSimulator
		{DAE703C8-52D2-4E8D-AC33-6A0F79BB1761}.AppStore|iPhoneSimulator.Build.0 = AppStore|iPhoneSimulator
		{DAE703C8-52D2-4E8D-AC33-6A0F79BB1761}.AppStore|x64.ActiveCfg = AppStore|iPhone
		{DAE703C8-52D2-4E8D-AC33-6A0F79BB1761}.AppStore|x86.ActiveCfg = AppStore|iPhone
		{DAE703C8-52D2-4E8D-AC33-6A0F79BB1761}.Debug|Any CPU.ActiveCfg = Debug|iPhone
		{DAE703C8-52D2-4E8D-AC33-6A0F79BB1761}.Debug|ARM.ActiveCfg = Debug|iPhone
		{DAE703C8-52D2-4E8D-AC33-6A0F79BB1761}.Debug|iPhone.ActiveCfg = Debug|iPhone
		{DAE703C8-52D2-4E8D-AC33-6A0F79BB1761}.Debug|iPhone.Build.0 = Debug|iPhone
		{DAE703C8-52D2-4E8D-AC33-6A0F79BB1761}.Debug|iPhoneSimulator.ActiveCfg = Debug|iPhoneSimulator
		{DAE703C8-52D2-4E8D-AC33-6A0F79BB1761}.Debug|iPhoneSimulator.Build.0 = Debug|iPhoneSimulator
		{DAE703C8-52D2-4E8D-AC33-6A0F79BB1761}.Debug|x64.ActiveCfg = Debug|iPhone
		{DAE703C8-52D2-4E8D-AC33-6A0F79BB1761}.Debug|x86.ActiveCfg = Debug|iPhone
		{DAE703C8-52D2-4E8D-AC33-6A0F79BB1761}.Release|Any CPU.ActiveCfg = Release|iPhone
		{DAE703C8-52D2-4E8D-AC33-6A0F79BB1761}.Release|ARM.ActiveCfg = Release|iPhone
		{DAE703C8-52D2-4E8D-AC33-6A0F79BB1761}.Release|iPhone.ActiveCfg = Release|iPhone
		{DAE703C8-52D2-4E8D-AC33-6A0F79BB1761}.Release|iPhone.Build.0 = Release|iPhone
		{DAE703C8-52D2-4E8D-AC33-6A0F79BB1761}.Release|iPhoneSimulator.ActiveCfg = Release|iPhoneSimulator
		{DAE703C8-52D2-4E8D-AC33-6A0F79BB1761}.Release|iPhoneSimulator.Build.0 = Release|iPhoneSimulator
		{DAE703C8-52D2-4E8D-AC33-6A0F79BB1761}.Release|x64.ActiveCfg = Release|iPhone
		{DAE703C8-52D2-4E8D-AC33-6A0F79BB1761}.Release|x86.ActiveCfg = Release|iPhone
		{C3E1489F-FF1E-4749-8DC5-61E0A8761662}.Ad-Hoc|Any CPU.ActiveCfg = Release|x86
		{C3E1489F-FF1E-4749-8DC5-61E0A8761662}.Ad-Hoc|Any CPU.Build.0 = Release|x86
		{C3E1489F-FF1E-4749-8DC5-61E0A8761662}.Ad-Hoc|Any CPU.Deploy.0 = Release|x86
		{C3E1489F-FF1E-4749-8DC5-61E0A8761662}.Ad-Hoc|ARM.ActiveCfg = Release|ARM
		{C3E1489F-FF1E-4749-8DC5-61E0A8761662}.Ad-Hoc|ARM.Build.0 = Release|ARM
		{C3E1489F-FF1E-4749-8DC5-61E0A8761662}.Ad-Hoc|ARM.Deploy.0 = Release|ARM
		{C3E1489F-FF1E-4749-8DC5-61E0A8761662}.Ad-Hoc|iPhone.ActiveCfg = Release|x86
		{C3E1489F-FF1E-4749-8DC5-61E0A8761662}.Ad-Hoc|iPhone.Build.0 = Release|x86
		{C3E1489F-FF1E-4749-8DC5-61E0A8761662}.Ad-Hoc|iPhone.Deploy.0 = Release|x86
		{C3E1489F-FF1E-4749-8DC5-61E0A8761662}.Ad-Hoc|iPhoneSimulator.ActiveCfg = Release|x86
		{C3E1489F-FF1E-4749-8DC5-61E0A8761662}.Ad-Hoc|iPhoneSimulator.Build.0 = Release|x86
		{C3E1489F-FF1E-4749-8DC5-61E0A8761662}.Ad-Hoc|iPhoneSimulator.Deploy.0 = Release|x86
		{C3E1489F-FF1E-4749-8DC5-61E0A8761662}.Ad-Hoc|x64.ActiveCfg = Release|x64
		{C3E1489F-FF1E-4749-8DC5-61E0A8761662}.Ad-Hoc|x64.Build.0 = Release|x64
		{C3E1489F-FF1E-4749-8DC5-61E0A8761662}.Ad-Hoc|x64.Deploy.0 = Release|x64
		{C3E1489F-FF1E-4749-8DC5-61E0A8761662}.Ad-Hoc|x86.ActiveCfg = Release|x86
		{C3E1489F-FF1E-4749-8DC5-61E0A8761662}.Ad-Hoc|x86.Build.0 = Release|x86
		{C3E1489F-FF1E-4749-8DC5-61E0A8761662}.Ad-Hoc|x86.Deploy.0 = Release|x86
		{C3E1489F-FF1E-4749-8DC5-61E0A8761662}.AppStore|Any CPU.ActiveCfg = Release|x86
		{C3E1489F-FF1E-4749-8DC5-61E0A8761662}.AppStore|Any CPU.Build.0 = Release|x86
		{C3E1489F-FF1E-4749-8DC5-61E0A8761662}.AppStore|Any CPU.Deploy.0 = Release|x86
		{C3E1489F-FF1E-4749-8DC5-61E0A8761662}.AppStore|ARM.ActiveCfg = Release|ARM
		{C3E1489F-FF1E-4749-8DC5-61E0A8761662}.AppStore|ARM.Build.0 = Release|ARM
		{C3E1489F-FF1E-4749-8DC5-61E0A8761662}.AppStore|ARM.Deploy.0 = Release|ARM
		{C3E1489F-FF1E-4749-8DC5-61E0A8761662}.AppStore|iPhone.ActiveCfg = Release|x86
		{C3E1489F-FF1E-4749-8DC5-61E0A8761662}.AppStore|iPhone.Build.0 = Release|x86
		{C3E1489F-FF1E-4749-8DC5-61E0A8761662}.AppStore|iPhone.Deploy.0 = Release|x86
		{C3E1489F-FF1E-4749-8DC5-61E0A8761662}.AppStore|iPhoneSimulator.ActiveCfg = Release|x86
		{C3E1489F-FF1E-4749-8DC5-61E0A8761662}.AppStore|iPhoneSimulator.Build.0 = Release|x86
		{C3E1489F-FF1E-4749-8DC5-61E0A8761662}.AppStore|iPhoneSimulator.Deploy.0 = Release|x86
		{C3E1489F-FF1E-4749-8DC5-61E0A8761662}.AppStore|x64.ActiveCfg = Release|x64
		{C3E1489F-FF1E-4749-8DC5-61E0A8761662}.AppStore|x64.Build.0 = Release|x64
		{C3E1489F-FF1E-4749-8DC5-61E0A8761662}.AppStore|x64.Deploy.0 = Release|x64
		{C3E1489F-FF1E-4749-8DC5-61E0A8761662}.AppStore|x86.ActiveCfg = Release|x86
		{C3E1489F-FF1E-4749-8DC5-61E0A8761662}.AppStore|x86.Build.0 = Release|x86
		{C3E1489F-FF1E-4749-8DC5-61E0A8761662}.AppStore|x86.Deploy.0 = Release|x86
		{C3E1489F-FF1E-4749-8DC5-61E0A8761662}.Debug|Any CPU.ActiveCfg = Debug|x86
		{C3E1489F-FF1E-4749-8DC5-61E0A8761662}.Debug|ARM.ActiveCfg = Debug|ARM
		{C3E1489F-FF1E-4749-8DC5-61E0A8761662}.Debug|ARM.Build.0 = Debug|ARM
		{C3E1489F-FF1E-4749-8DC5-61E0A8761662}.Debug|ARM.Deploy.0 = Debug|ARM
		{C3E1489F-FF1E-4749-8DC5-61E0A8761662}.Debug|iPhone.ActiveCfg = Debug|x86
		{C3E1489F-FF1E-4749-8DC5-61E0A8761662}.Debug|iPhoneSimulator.ActiveCfg = Debug|x86
		{C3E1489F-FF1E-4749-8DC5-61E0A8761662}.Debug|x64.ActiveCfg = Debug|x64
		{C3E1489F-FF1E-4749-8DC5-61E0A8761662}.Debug|x64.Build.0 = Debug|x64
		{C3E1489F-FF1E-4749-8DC5-61E0A8761662}.Debug|x64.Deploy.0 = Debug|x64
		{C3E1489F-FF1E-4749-8DC5-61E0A8761662}.Debug|x86.ActiveCfg = Debug|x86
		{C3E1489F-FF1E-4749-8DC5-61E0A8761662}.Debug|x86.Build.0 = Debug|x86
		{C3E1489F-FF1E-4749-8DC5-61E0A8761662}.Debug|x86.Deploy.0 = Debug|x86
		{C3E1489F-FF1E-4749-8DC5-61E0A8761662}.Release|Any CPU.ActiveCfg = Release|x86
		{C3E1489F-FF1E-4749-8DC5-61E0A8761662}.Release|ARM.ActiveCfg = Release|ARM
		{C3E1489F-FF1E-4749-8DC5-61E0A8761662}.Release|ARM.Build.0 = Release|ARM
		{C3E1489F-FF1E-4749-8DC5-61E0A8761662}.Release|ARM.Deploy.0 = Release|ARM
		{C3E1489F-FF1E-4749-8DC5-61E0A8761662}.Release|iPhone.ActiveCfg = Release|x86
		{C3E1489F-FF1E-4749-8DC5-61E0A8761662}.Release|iPhoneSimulator.ActiveCfg = Release|x86
		{C3E1489F-FF1E-4749-8DC5-61E0A8761662}.Release|x64.ActiveCfg = Release|x64
		{C3E1489F-FF1E-4749-8DC5-61E0A8761662}.Release|x64.Build.0 = Release|x64
		{C3E1489F-FF1E-4749-8DC5-61E0A8761662}.Release|x64.Deploy.0 = Release|x64
		{C3E1489F-FF1E-4749-8DC5-61E0A8761662}.Release|x86.ActiveCfg = Release|x86
		{C3E1489F-FF1E-4749-8DC5-61E0A8761662}.Release|x86.Build.0 = Release|x86
		{C3E1489F-FF1E-4749-8DC5-61E0A8761662}.Release|x86.Deploy.0 = Release|x86
	EndGlobalSection
	GlobalSection(SolutionProperties) = preSolution
		HideSolutionNode = FALSE
	EndGlobalSection
EndGlobal
